
Microsoft Visual Studio Solution File, Format Version 12.00
# Visual Studio Version 16
VisualStudioVersion = 16.0.30804.86
MinimumVisualStudioVersion = 10.0.40219.1
Project("{FAE04EC0-301F-11D3-BF4B-00C04F79EFBC}") = "SimpleBackupService", "SimpleBackupService\SimpleBackupService.csproj", "{D5CD5909-48E6-4C8E-9F64-E79E47C84264}"
EndProject
Global
	GlobalSection(SolutionConfigurationPlatforms) = preSolution
		Debug|Any CPU = Debug|Any CPU
		Release|Any CPU = Release|Any CPU
	EndGlobalSection
	GlobalSection(ProjectConfigurationPlatforms) = postSolution
		{D5CD5909-48E6-4C8E-9F64-E79E47C84264}.Debug|Any CPU.ActiveCfg = Debug|Any CPU
		{D5CD5909-48E6-4C8E-9F64-E79E47C84264}.Debug|Any CPU.Build.0 = Debug|Any CPU
		{D5CD5909-48E6-4C8E-9F64-E79E47C84264}.Release|Any CPU.ActiveCfg = Release|Any CPU
		{D5CD5909-48E6-4C8E-9F64-E79E47C84264}.Release|Any CPU.Build.0 = Release|Any CPU
	EndGlobalSection
	GlobalSection(SolutionProperties) = preSolution
		HideSolutionNode = FALSE
	EndGlobalSection
	GlobalSection(ExtensibilityGlobals) = postSolution
		SolutionGuid = {50E29BE9-98E0-4847-917C-4946BE2D5597}
	EndGlobalSection
EndGlobal
